<?xml version="1.0" encoding="utf-8"?>
<Project ToolsVersion="4.0" xmlns="http://schemas.microsoft.com/developer/msbuild/2003">
  <ItemGroup>
    <Filter Include="源文件">
      <UniqueIdentifier>{4FC737F1-C7A5-4376-A066-2A32D752A2FF}</UniqueIdentifier>
      <Extensions>cpp;c;cc;cxx;def;odl;idl;hpj;bat;asm;asmx</Extensions>
    </Filter>
    <Filter Include="头文件">
      <UniqueIdentifier>{93995380-89BD-4b04-88EB-625FBE52EBFB}</UniqueIdentifier>
      <Extensions>h;hh;hpp;hxx;hm;inl;inc;xsd</Extensions>
    </Filter>
    <Filter Include="资源文件">
      <UniqueIdentifier>{67DA6AB6-F800-4c08-8B7A-83BB121AAD01}</UniqueIdentifier>
      <Extensions>rc;ico;cur;bmp;dlg;rc2;rct;bin;rgs;gif;jpg;jpeg;jpe;resx;tiff;tif;png;wav;mfcribbon-ms</Extensions>
    </Filter>
    <Filter Include="Decompiler">
      <UniqueIdentifier>{087705ca-fd47-42b7-95e9-d5554ee7eca2}</UniqueIdentifier>
    </Filter>
    <Filter Include="Compiler">
      <UniqueIdentifier>{606df6d7-7650-447b-8d53-c65d6d5876ea}</UniqueIdentifier>
    </Filter>
    <Filter Include="Insert">
      <UniqueIdentifier>{2cecd847-3889-4ebe-8eab-16bd8f4d0b7d}</UniqueIdentifier>
    </Filter>
  </ItemGroup>
  <ItemGroup>
    <ClCompile Include="yomegami_chs.cpp">
      <Filter>源文件</Filter>
    </ClCompile>
    <ClCompile Include="my.cpp">
      <Filter>源文件</Filter>
    </ClCompile>
    <ClCompile Include="KaresekaHook.cpp">
      <Filter>源文件</Filter>
    </ClCompile>
    <ClCompile Include="IStreamExXP3.cpp">
      <Filter>源文件</Filter>
    </ClCompile>
    <ClCompile Include="StreamHolderXP3.cpp">
      <Filter>源文件</Filter>
    </ClCompile>
    <ClCompile Include="tp_stub.cpp">
      <Filter>源文件</Filter>
    </ClCompile>
    <ClCompile Include="MyHook.cpp">
      <Filter>源文件</Filter>
    </ClCompile>
    <ClCompile Include="Decompiler\compress.c">
      <Filter>Decompiler</Filter>
    </ClCompile>
    <ClCompile Include="Decompiler\decompiler.cpp">
      <Filter>Decompiler</Filter>
    </ClCompile>
    <ClCompile Include="Decompiler\psb.cpp">
      <Filter>Decompiler</Filter>
    </ClCompile>
    <ClCompile Include="Compiler\cc_stream.cpp">
      <Filter>Compiler</Filter>
    </ClCompile>
    <ClCompile Include="Compiler\compiler.cpp">
      <Filter>Compiler</Filter>
    </ClCompile>
    <ClCompile Include="Compiler\psb_cc.cpp">
      <Filter>Compiler</Filter>
    </ClCompile>
    <ClCompile Include="Compiler\psb_cc_array.cpp">
      <Filter>Compiler</Filter>
    </ClCompile>
    <ClCompile Include="Compiler\psb_cc_base.cpp">
      <Filter>Compiler</Filter>
    </ClCompile>
    <ClCompile Include="Compiler\psb_cc_boolean.cpp">
      <Filter>Compiler</Filter>
    </ClCompile>
    <ClCompile Include="Compiler\psb_cc_btree.cpp">
      <Filter>Compiler</Filter>
    </ClCompile>
    <ClCompile Include="Compiler\psb_cc_collection.cpp">
      <Filter>Compiler</Filter>
    </ClCompile>
    <ClCompile Include="Compiler\psb_cc_decimal.cpp">
      <Filter>Compiler</Filter>
    </ClCompile>
    <ClCompile Include="Compiler\psb_cc_integer.cpp">
      <Filter>Compiler</Filter>
    </ClCompile>
    <ClCompile Include="Compiler\psb_cc_null.cpp">
      <Filter>Compiler</Filter>
    </ClCompile>
    <ClCompile Include="Compiler\psb_cc_object.cpp">
      <Filter>Compiler</Filter>
    </ClCompile>
    <ClCompile Include="Compiler\psb_cc_resource.cpp">
      <Filter>Compiler</Filter>
    </ClCompile>
    <ClCompile Include="Compiler\psb_cc_string.cpp">
      <Filter>Compiler</Filter>
    </ClCompile>
    <ClCompile Include="Compiler\psb_compiler_center.cpp">
      <Filter>Compiler</Filter>
    </ClCompile>
    <ClCompile Include="Compiler\psb_link.cpp">
      <Filter>Compiler</Filter>
    </ClCompile>
    <ClCompile Include="Compiler\psb_link_resource.cpp">
      <Filter>Compiler</Filter>
    </ClCompile>
    <ClCompile Include="Insert\PsbText.cpp">
      <Filter>Insert</Filter>
    </ClCompile>
  </ItemGroup>
  <ItemGroup>
    <ClInclude Include="my.h">
      <Filter>头文件</Filter>
    </ClInclude>
    <ClInclude Include="KaresekaHook.h">
      <Filter>头文件</Filter>
    </ClInclude>
    <ClInclude Include="IStreamExXP3.h">
      <Filter>头文件</Filter>
    </ClInclude>
    <ClInclude Include="StreamHolderXP3.h">
      <Filter>头文件</Filter>
    </ClInclude>
    <ClInclude Include="BaseStream.h">
      <Filter>头文件</Filter>
    </ClInclude>
    <ClInclude Include="tp_stub.h">
      <Filter>头文件</Filter>
    </ClInclude>
    <ClInclude Include="MyHook.h">
      <Filter>头文件</Filter>
    </ClInclude>
    <ClInclude Include="Decompiler\compress.h">
      <Filter>Decompiler</Filter>
    </ClInclude>
    <ClInclude Include="Decompiler\psb.hpp">
      <Filter>Decompiler</Filter>
    </ClInclude>
    <ClInclude Include="Compiler\cc_stream.h">
      <Filter>Compiler</Filter>
    </ClInclude>
    <ClInclude Include="Compiler\def.h">
      <Filter>Compiler</Filter>
    </ClInclude>
    <ClInclude Include="Compiler\psb_cc.h">
      <Filter>Compiler</Filter>
    </ClInclude>
    <ClInclude Include="Compiler\psb_cc_array.h">
      <Filter>Compiler</Filter>
    </ClInclude>
    <ClInclude Include="Compiler\psb_cc_base.h">
      <Filter>Compiler</Filter>
    </ClInclude>
    <ClInclude Include="Compiler\psb_cc_boolean.h">
      <Filter>Compiler</Filter>
    </ClInclude>
    <ClInclude Include="Compiler\psb_cc_btree.h">
      <Filter>Compiler</Filter>
    </ClInclude>
    <ClInclude Include="Compiler\psb_cc_collection.h">
      <Filter>Compiler</Filter>
    </ClInclude>
    <ClInclude Include="Compiler\psb_cc_decimal.h">
      <Filter>Compiler</Filter>
    </ClInclude>
    <ClInclude Include="Compiler\psb_cc_integer.h">
      <Filter>Compiler</Filter>
    </ClInclude>
    <ClInclude Include="Compiler\psb_cc_null.h">
      <Filter>Compiler</Filter>
    </ClInclude>
    <ClInclude Include="Compiler\psb_cc_object.h">
      <Filter>Compiler</Filter>
    </ClInclude>
    <ClInclude Include="Compiler\psb_cc_resource.h">
      <Filter>Compiler</Filter>
    </ClInclude>
    <ClInclude Include="Compiler\psb_cc_string.h">
      <Filter>Compiler</Filter>
    </ClInclude>
    <ClInclude Include="Compiler\psb_compiler_center.h">
      <Filter>Compiler</Filter>
    </ClInclude>
    <ClInclude Include="Compiler\psb_link.h">
      <Filter>Compiler</Filter>
    </ClInclude>
    <ClInclude Include="Compiler\psb_link_resource.h">
      <Filter>Compiler</Filter>
    </ClInclude>
    <ClInclude Include="PSBTool.h">
      <Filter>头文件</Filter>
    </ClInclude>
    <ClInclude Include="resource.h">
      <Filter>头文件</Filter>
    </ClInclude>
    <ClInclude Include="Insert\PsbText.h">
      <Filter>Insert</Filter>
    </ClInclude>
    <ClInclude Include="Insert\TextPlugin.h">
      <Filter>Insert</Filter>
    </ClInclude>
  </ItemGroup>
  <ItemGroup>
    <ResourceCompile Include="yomegami_chs.rc">
      <Filter>资源文件</Filter>
    </ResourceCompile>
  </ItemGroup>
</Project>