
Microsoft Visual Studio Solution File, Format Version 12.00
# Visual Studio 2013
VisualStudioVersion = 12.0.40629.0
MinimumVisualStudioVersion = 10.0.40219.1
Project("{8BC9CEB8-8B4A-11D0-8D11-00A0C91BC942}") = "Loader", "Loader\Loader.vcxproj", "{5B64C442-B187-4C35-946C-55EA852C0021}"
EndProject
Project("{8BC9CEB8-8B4A-11D0-8D11-00A0C91BC942}") = "yomegami_chs", "yomegami_chs\yomegami_chs.vcxproj", "{5ECEA0AE-2128-45BC-B19A-E9EF3A18208D}"
EndProject
Global
	GlobalSection(SolutionConfigurationPlatforms) = preSolution
		Debug|Win32 = Debug|Win32
		Release|Win32 = Release|Win32
	EndGlobalSection
	GlobalSection(ProjectConfigurationPlatforms) = postSolution
		{5B64C442-B187-4C35-946C-55EA852C0021}.Debug|Win32.ActiveCfg = Debug|Win32
		{5B64C442-B187-4C35-946C-55EA852C0021}.Debug|Win32.Build.0 = Debug|Win32
		{5B64C442-B187-4C35-946C-55EA852C0021}.Release|Win32.ActiveCfg = Release|Win32
		{5B64C442-B187-4C35-946C-55EA852C0021}.Release|Win32.Build.0 = Release|Win32
		{5ECEA0AE-2128-45BC-B19A-E9EF3A18208D}.Debug|Win32.ActiveCfg = Debug|Win32
		{5ECEA0AE-2128-45BC-B19A-E9EF3A18208D}.Debug|Win32.Build.0 = Debug|Win32
		{5ECEA0AE-2128-45BC-B19A-E9EF3A18208D}.Release|Win32.ActiveCfg = Release|Win32
		{5ECEA0AE-2128-45BC-B19A-E9EF3A18208D}.Release|Win32.Build.0 = Release|Win32
	EndGlobalSection
	GlobalSection(SolutionProperties) = preSolution
		HideSolutionNode = FALSE
	EndGlobalSection
EndGlobal
