<?xml version="1.0" encoding="utf-8"?>
<Project ToolsVersion="4.0" xmlns="http://schemas.microsoft.com/developer/msbuild/2003">
  <ItemGroup>
    <Filter Include="源文件">
      <UniqueIdentifier>{4FC737F1-C7A5-4376-A066-2A32D752A2FF}</UniqueIdentifier>
      <Extensions>cpp;c;cc;cxx;def;odl;idl;hpj;bat;asm;asmx</Extensions>
    </Filter>
    <Filter Include="头文件">
      <UniqueIdentifier>{93995380-89BD-4b04-88EB-625FBE52EBFB}</UniqueIdentifier>
      <Extensions>h;hh;hpp;hxx;hm;inl;inc;xsd</Extensions>
    </Filter>
    <Filter Include="资源文件">
      <UniqueIdentifier>{67DA6AB6-F800-4c08-8B7A-83BB121AAD01}</UniqueIdentifier>
      <Extensions>rc;ico;cur;bmp;dlg;rc2;rct;bin;rgs;gif;jpg;jpeg;jpe;resx;tiff;tif;png;wav;mfcribbon-ms</Extensions>
    </Filter>
  </ItemGroup>
  <ItemGroup>
    <ClCompile Include="AstralAirFinale_cht_dll.cpp">
      <Filter>源文件</Filter>
    </ClCompile>
    <ClCompile Include="my.cpp">
      <Filter>源文件</Filter>
    </ClCompile>
    <ClCompile Include="MyHook.cpp">
      <Filter>源文件</Filter>
    </ClCompile>
    <ClCompile Include="ilhook.cpp">
      <Filter>源文件</Filter>
    </ClCompile>
    <ClCompile Include="blake2b.cpp">
      <Filter>源文件</Filter>
    </ClCompile>
    <ClCompile Include="blake2bp.cpp">
      <Filter>源文件</Filter>
    </ClCompile>
    <ClCompile Include="MyCxdec.cpp">
      <Filter>源文件</Filter>
    </ClCompile>
    <ClCompile Include="AstralHook.cpp">
      <Filter>源文件</Filter>
    </ClCompile>
    <ClCompile Include="HandleTable.cpp">
      <Filter>源文件</Filter>
    </ClCompile>
    <ClCompile Include="asmhelper.cpp">
      <Filter>源文件</Filter>
    </ClCompile>
  </ItemGroup>
  <ItemGroup>
    <ClInclude Include="my.h">
      <Filter>头文件</Filter>
    </ClInclude>
    <ClInclude Include="blake2.h">
      <Filter>头文件</Filter>
    </ClInclude>
    <ClInclude Include="blake2-config.h">
      <Filter>头文件</Filter>
    </ClInclude>
    <ClInclude Include="blake2-impl.h">
      <Filter>头文件</Filter>
    </ClInclude>
    <ClInclude Include="HandleTable.h">
      <Filter>头文件</Filter>
    </ClInclude>
    <ClInclude Include="ilhook.h">
      <Filter>头文件</Filter>
    </ClInclude>
    <ClInclude Include="MyCxdec.h">
      <Filter>头文件</Filter>
    </ClInclude>
    <ClInclude Include="MyHook.h">
      <Filter>头文件</Filter>
    </ClInclude>
    <ClInclude Include="AstralHook.h">
      <Filter>头文件</Filter>
    </ClInclude>
  </ItemGroup>
</Project>