
Microsoft Visual Studio Solution File, Format Version 12.00
# Visual Studio 2013
VisualStudioVersion = 12.0.40629.0
MinimumVisualStudioVersion = 10.0.40219.1
Project("{8BC9CEB8-8B4A-11D0-8D11-00A0C91BC942}") = "kokoiro_chs", "kokoiro_chs\kokoiro_chs.vcxproj", "{1BA3D513-053F-4287-BF6D-8933485CE44E}"
EndProject
Project("{8BC9CEB8-8B4A-11D0-8D11-00A0C91BC942}") = "Loader_chs", "Loader_chs\Loader_chs.vcxproj", "{4CFED24D-80A6-45D0-BCF3-17DC8B6C8B3E}"
EndProject
Project("{8BC9CEB8-8B4A-11D0-8D11-00A0C91BC942}") = "Loader_cht", "Loader_cht\Loader_cht.vcxproj", "{05BE798A-59A6-48D5-8E28-FF8F587875B9}"
EndProject
Global
	GlobalSection(SolutionConfigurationPlatforms) = preSolution
		Debug|Win32 = Debug|Win32
		Release|Win32 = Release|Win32
	EndGlobalSection
	GlobalSection(ProjectConfigurationPlatforms) = postSolution
		{1BA3D513-053F-4287-BF6D-8933485CE44E}.Debug|Win32.ActiveCfg = Debug|Win32
		{1BA3D513-053F-4287-BF6D-8933485CE44E}.Debug|Win32.Build.0 = Debug|Win32
		{1BA3D513-053F-4287-BF6D-8933485CE44E}.Release|Win32.ActiveCfg = Release|Win32
		{1BA3D513-053F-4287-BF6D-8933485CE44E}.Release|Win32.Build.0 = Release|Win32
		{4CFED24D-80A6-45D0-BCF3-17DC8B6C8B3E}.Debug|Win32.ActiveCfg = Debug|Win32
		{4CFED24D-80A6-45D0-BCF3-17DC8B6C8B3E}.Debug|Win32.Build.0 = Debug|Win32
		{4CFED24D-80A6-45D0-BCF3-17DC8B6C8B3E}.Release|Win32.ActiveCfg = Release|Win32
		{4CFED24D-80A6-45D0-BCF3-17DC8B6C8B3E}.Release|Win32.Build.0 = Release|Win32
		{05BE798A-59A6-48D5-8E28-FF8F587875B9}.Debug|Win32.ActiveCfg = Debug|Win32
		{05BE798A-59A6-48D5-8E28-FF8F587875B9}.Debug|Win32.Build.0 = Debug|Win32
		{05BE798A-59A6-48D5-8E28-FF8F587875B9}.Release|Win32.ActiveCfg = Release|Win32
		{05BE798A-59A6-48D5-8E28-FF8F587875B9}.Release|Win32.Build.0 = Release|Win32
	EndGlobalSection
	GlobalSection(SolutionProperties) = preSolution
		HideSolutionNode = FALSE
	EndGlobalSection
EndGlobal
