
Microsoft Visual Studio Solution File, Format Version 12.00
# Visual Studio 2012
Project("{8BC9CEB8-8B4A-11D0-8D11-00A0C91BC942}") = "haruno_pushback", "haruno_pushback\haruno_pushback.vcxproj", "{2D95B5FC-36FD-4B15-A551-0212A6B6C614}"
EndProject
Global
	GlobalSection(SolutionConfigurationPlatforms) = preSolution
		Debug|Win32 = Debug|Win32
		Release|Win32 = Release|Win32
	EndGlobalSection
	GlobalSection(ProjectConfigurationPlatforms) = postSolution
		{2D95B5FC-36FD-4B15-A551-0212A6B6C614}.Debug|Win32.ActiveCfg = Debug|Win32
		{2D95B5FC-36FD-4B15-A551-0212A6B6C614}.Debug|Win32.Build.0 = Debug|Win32
		{2D95B5FC-36FD-4B15-A551-0212A6B6C614}.Release|Win32.ActiveCfg = Release|Win32
		{2D95B5FC-36FD-4B15-A551-0212A6B6C614}.Release|Win32.Build.0 = Release|Win32
	EndGlobalSection
	GlobalSection(SolutionProperties) = preSolution
		HideSolutionNode = FALSE
	EndGlobalSection
EndGlobal
